// !$*UTF8*$!
{
	archiveVersion = 1;
	classes = {
	};
	objectVersion = 55;
	objects = {

/* Begin PBXBuildFile section */
		9952B84628C6143D00CFC3A4 /* MovesHistory.swift in Sources */ = {isa = PBXBuildFile; fileRef = 9952B84528C6143D00CFC3A4 /* MovesHistory.swift */; };
		9952B84928C6146200CFC3A4 /* Move.swift in Sources */ = {isa = PBXBuildFile; fileRef = 9952B84828C6146200CFC3A4 /* Move.swift */; };
		9952B85928CE0A0400CFC3A4 /* MovementManager.swift in Sources */ = {isa = PBXBuildFile; fileRef = 9952B85828CE0A0400CFC3A4 /* MovementManager.swift */; };
		997A5FB928A60AA500A4711F /* AppDelegate.swift in Sources */ = {isa = PBXBuildFile; fileRef = 997A5FB828A60AA500A4711F /* AppDelegate.swift */; };
		997A5FBB28A60AA500A4711F /* SceneDelegate.swift in Sources */ = {isa = PBXBuildFile; fileRef = 997A5FBA28A60AA500A4711F /* SceneDelegate.swift */; };
		997A5FBD28A60AA500A4711F /* ChessViewController.swift in Sources */ = {isa = PBXBuildFile; fileRef = 997A5FBC28A60AA500A4711F /* ChessViewController.swift */; };
		997A5FC028A60AA500A4711F /* Main.storyboard in Resources */ = {isa = PBXBuildFile; fileRef = 997A5FBE28A60AA500A4711F /* Main.storyboard */; };
		997A5FC228A60AA700A4711F /* Assets.xcassets in Resources */ = {isa = PBXBuildFile; fileRef = 997A5FC128A60AA700A4711F /* Assets.xcassets */; };
		997A5FC528A60AA700A4711F /* LaunchScreen.storyboard in Resources */ = {isa = PBXBuildFile; fileRef = 997A5FC328A60AA700A4711F /* LaunchScreen.storyboard */; };
		997A5FCE28A60B4300A4711F /* Piece.swift in Sources */ = {isa = PBXBuildFile; fileRef = 997A5FCD28A60B4300A4711F /* Piece.swift */; };
		997A5FD028A60C2A00A4711F /* Pawn.swift in Sources */ = {isa = PBXBuildFile; fileRef = 997A5FCF28A60C2A00A4711F /* Pawn.swift */; };
		997A5FD228A60E8E00A4711F /* Bishop.swift in Sources */ = {isa = PBXBuildFile; fileRef = 997A5FD128A60E8E00A4711F /* Bishop.swift */; };
		997A5FD428A60EA900A4711F /* Knight.swift in Sources */ = {isa = PBXBuildFile; fileRef = 997A5FD328A60EA900A4711F /* Knight.swift */; };
		997A5FD628A60EC300A4711F /* Rook.swift in Sources */ = {isa = PBXBuildFile; fileRef = 997A5FD528A60EC300A4711F /* Rook.swift */; };
		997A5FD828A60ED300A4711F /* Queen.swift in Sources */ = {isa = PBXBuildFile; fileRef = 997A5FD728A60ED300A4711F /* Queen.swift */; };
		997A5FDA28A60EE100A4711F /* King.swift in Sources */ = {isa = PBXBuildFile; fileRef = 997A5FD928A60EE100A4711F /* King.swift */; };
		997A5FDC28A611B100A4711F /* Board.swift in Sources */ = {isa = PBXBuildFile; fileRef = 997A5FDB28A611B100A4711F /* Board.swift */; };
		997A5FDE28A61D6E00A4711F /* Square.swift in Sources */ = {isa = PBXBuildFile; fileRef = 997A5FDD28A61D6E00A4711F /* Square.swift */; };
		997A5FE028A6277D00A4711F /* SquareCollectionViewCell.swift in Sources */ = {isa = PBXBuildFile; fileRef = 997A5FDF28A6277D00A4711F /* SquareCollectionViewCell.swift */; };
		997F840B28BF10AF00F0819E /* GameManager.swift in Sources */ = {isa = PBXBuildFile; fileRef = 997F840A28BF10AF00F0819E /* GameManager.swift */; };
/* End PBXBuildFile section */

/* Begin PBXFileReference section */
		9952B84528C6143D00CFC3A4 /* MovesHistory.swift */ = {isa = PBXFileReference; lastKnownFileType = sourcecode.swift; path = MovesHistory.swift; sourceTree = "<group>"; };
		9952B84828C6146200CFC3A4 /* Move.swift */ = {isa = PBXFileReference; lastKnownFileType = sourcecode.swift; path = Move.swift; sourceTree = "<group>"; };
		9952B85828CE0A0400CFC3A4 /* MovementManager.swift */ = {isa = PBXFileReference; lastKnownFileType = sourcecode.swift; path = MovementManager.swift; sourceTree = "<group>"; };
		997A5FB528A60AA500A4711F /* Chess.app */ = {isa = PBXFileReference; explicitFileType = wrapper.application; includeInIndex = 0; path = Chess.app; sourceTree = BUILT_PRODUCTS_DIR; };
		997A5FB828A60AA500A4711F /* AppDelegate.swift */ = {isa = PBXFileReference; lastKnownFileType = sourcecode.swift; path = AppDelegate.swift; sourceTree = "<group>"; };
		997A5FBA28A60AA500A4711F /* SceneDelegate.swift */ = {isa = PBXFileReference; lastKnownFileType = sourcecode.swift; path = SceneDelegate.swift; sourceTree = "<group>"; };
		997A5FBC28A60AA500A4711F /* ChessViewController.swift */ = {isa = PBXFileReference; lastKnownFileType = sourcecode.swift; path = ChessViewController.swift; sourceTree = "<group>"; };
		997A5FBF28A60AA500A4711F /* Base */ = {isa = PBXFileReference; lastKnownFileType = file.storyboard; name = Base; path = Base.lproj/Main.storyboard; sourceTree = "<group>"; };
		997A5FC128A60AA700A4711F /* Assets.xcassets */ = {isa = PBXFileReference; lastKnownFileType = folder.assetcatalog; path = Assets.xcassets; sourceTree = "<group>"; };
		997A5FC428A60AA700A4711F /* Base */ = {isa = PBXFileReference; lastKnownFileType = file.storyboard; name = Base; path = Base.lproj/LaunchScreen.storyboard; sourceTree = "<group>"; };
		997A5FC628A60AA700A4711F /* Info.plist */ = {isa = PBXFileReference; lastKnownFileType = text.plist.xml; path = Info.plist; sourceTree = "<group>"; };
		997A5FCD28A60B4300A4711F /* Piece.swift */ = {isa = PBXFileReference; lastKnownFileType = sourcecode.swift; path = Piece.swift; sourceTree = "<group>"; };
		997A5FCF28A60C2A00A4711F /* Pawn.swift */ = {isa = PBXFileReference; lastKnownFileType = sourcecode.swift; path = Pawn.swift; sourceTree = "<group>"; };
		997A5FD128A60E8E00A4711F /* Bishop.swift */ = {isa = PBXFileReference; lastKnownFileType = sourcecode.swift; path = Bishop.swift; sourceTree = "<group>"; };
		997A5FD328A60EA900A4711F /* Knight.swift */ = {isa = PBXFileReference; lastKnownFileType = sourcecode.swift; path = Knight.swift; sourceTree = "<group>"; };
		997A5FD528A60EC300A4711F /* Rook.swift */ = {isa = PBXFileReference; lastKnownFileType = sourcecode.swift; path = Rook.swift; sourceTree = "<group>"; };
		997A5FD728A60ED300A4711F /* Queen.swift */ = {isa = PBXFileReference; lastKnownFileType = sourcecode.swift; path = Queen.swift; sourceTree = "<group>"; };
		997A5FD928A60EE100A4711F /* King.swift */ = {isa = PBXFileReference; lastKnownFileType = sourcecode.swift; path = King.swift; sourceTree = "<group>"; };
		997A5FDB28A611B100A4711F /* Board.swift */ = {isa = PBXFileReference; lastKnownFileType = sourcecode.swift; path = Board.swift; sourceTree = "<group>"; };
		997A5FDD28A61D6E00A4711F /* Square.swift */ = {isa = PBXFileReference; lastKnownFileType = sourcecode.swift; path = Square.swift; sourceTree = "<group>"; };
		997A5FDF28A6277D00A4711F /* SquareCollectionViewCell.swift */ = {isa = PBXFileReference; lastKnownFileType = sourcecode.swift; path = SquareCollectionViewCell.swift; sourceTree = "<group>"; };
		997F840A28BF10AF00F0819E /* GameManager.swift */ = {isa = PBXFileReference; lastKnownFileType = sourcecode.swift; path = GameManager.swift; sourceTree = "<group>"; };
/* End PBXFileReference section */

/* Begin PBXFrameworksBuildPhase section */
		997A5FB228A60AA500A4711F /* Frameworks */ = {
			isa = PBXFrameworksBuildPhase;
			buildActionMask = 2147483647;
			files = (
			);
			runOnlyForDeploymentPostprocessing = 0;
		};
/* End PBXFrameworksBuildPhase section */

/* Begin PBXGroup section */
		9952B84728C6145500CFC3A4 /* Move */ = {
			isa = PBXGroup;
			children = (
				9952B84528C6143D00CFC3A4 /* MovesHistory.swift */,
				9952B84828C6146200CFC3A4 /* Move.swift */,
			);
			path = Move;
			sourceTree = "<group>";
		};
		997A5FAC28A60AA500A4711F = {
			isa = PBXGroup;
			children = (
				997A5FB728A60AA500A4711F /* Chess */,
				997A5FB628A60AA500A4711F /* Products */,
			);
			sourceTree = "<group>";
		};
		997A5FB628A60AA500A4711F /* Products */ = {
			isa = PBXGroup;
			children = (
				997A5FB528A60AA500A4711F /* Chess.app */,
			);
			name = Products;
			sourceTree = "<group>";
		};
		997A5FB728A60AA500A4711F /* Chess */ = {
			isa = PBXGroup;
			children = (
				997A5FCC28A60B1A00A4711F /* Model */,
				997A5FB828A60AA500A4711F /* AppDelegate.swift */,
				997A5FBA28A60AA500A4711F /* SceneDelegate.swift */,
				997A5FDF28A6277D00A4711F /* SquareCollectionViewCell.swift */,
				997A5FBC28A60AA500A4711F /* ChessViewController.swift */,
				997A5FBE28A60AA500A4711F /* Main.storyboard */,
				997A5FC128A60AA700A4711F /* Assets.xcassets */,
				997A5FC328A60AA700A4711F /* LaunchScreen.storyboard */,
				997A5FC628A60AA700A4711F /* Info.plist */,
			);
			path = Chess;
			sourceTree = "<group>";
		};
		997A5FCC28A60B1A00A4711F /* Model */ = {
			isa = PBXGroup;
			children = (
				997A5FCD28A60B4300A4711F /* Piece.swift */,
				997A5FCF28A60C2A00A4711F /* Pawn.swift */,
				997A5FD128A60E8E00A4711F /* Bishop.swift */,
				997A5FD328A60EA900A4711F /* Knight.swift */,
				997A5FD528A60EC300A4711F /* Rook.swift */,
				997A5FD728A60ED300A4711F /* Queen.swift */,
				997A5FD928A60EE100A4711F /* King.swift */,
				997A5FDB28A611B100A4711F /* Board.swift */,
				997A5FDD28A61D6E00A4711F /* Square.swift */,
				997F840A28BF10AF00F0819E /* GameManager.swift */,
				9952B85828CE0A0400CFC3A4 /* MovementManager.swift */,
				9952B84728C6145500CFC3A4 /* Move */,
			);
			path = Model;
			sourceTree = "<group>";
		};
/* End PBXGroup section */

/* Begin PBXNativeTarget section */
		997A5FB428A60AA500A4711F /* Chess */ = {
			isa = PBXNativeTarget;
			buildConfigurationList = 997A5FC928A60AA700A4711F /* Build configuration list for PBXNativeTarget "Chess" */;
			buildPhases = (
				997A5FB128A60AA500A4711F /* Sources */,
				997A5FB228A60AA500A4711F /* Frameworks */,
				997A5FB328A60AA500A4711F /* Resources */,
			);
			buildRules = (
			);
			dependencies = (
			);
			name = Chess;
			productName = Chess;
			productReference = 997A5FB528A60AA500A4711F /* Chess.app */;
			productType = "com.apple.product-type.application";
		};
/* End PBXNativeTarget section */

/* Begin PBXProject section */
		997A5FAD28A60AA500A4711F /* Project object */ = {
			isa = PBXProject;
			attributes = {
				BuildIndependentTargetsInParallel = 1;
				LastSwiftUpdateCheck = 1340;
				LastUpgradeCheck = 1340;
				TargetAttributes = {
					997A5FB428A60AA500A4711F = {
						CreatedOnToolsVersion = 13.4;
						LastSwiftMigration = 1340;
					};
				};
			};
			buildConfigurationList = 997A5FB028A60AA500A4711F /* Build configuration list for PBXProject "Chess" */;
			compatibilityVersion = "Xcode 13.0";
			developmentRegion = en;
			hasScannedForEncodings = 0;
			knownRegions = (
				en,
				Base,
			);
			mainGroup = 997A5FAC28A60AA500A4711F;
			productRefGroup = 997A5FB628A60AA500A4711F /* Products */;
			projectDirPath = "";
			projectRoot = "";
			targets = (
				997A5FB428A60AA500A4711F /* Chess */,
			);
		};
/* End PBXProject section */

/* Begin PBXResourcesBuildPhase section */
		997A5FB328A60AA500A4711F /* Resources */ = {
			isa = PBXResourcesBuildPhase;
			buildActionMask = 2147483647;
			files = (
				997A5FC528A60AA700A4711F /* LaunchScreen.storyboard in Resources */,
				997A5FC228A60AA700A4711F /* Assets.xcassets in Resources */,
				997A5FC028A60AA500A4711F /* Main.storyboard in Resources */,
			);
			runOnlyForDeploymentPostprocessing = 0;
		};
/* End PBXResourcesBuildPhase section */

/* Begin PBXSourcesBuildPhase section */
		997A5FB128A60AA500A4711F /* Sources */ = {
			isa = PBXSourcesBuildPhase;
			buildActionMask = 2147483647;
			files = (
				997A5FDE28A61D6E00A4711F /* Square.swift in Sources */,
				997A5FD628A60EC300A4711F /* Rook.swift in Sources */,
				997A5FCE28A60B4300A4711F /* Piece.swift in Sources */,
				997A5FBD28A60AA500A4711F /* ChessViewController.swift in Sources */,
				9952B84628C6143D00CFC3A4 /* MovesHistory.swift in Sources */,
				997F840B28BF10AF00F0819E /* GameManager.swift in Sources */,
				997A5FD828A60ED300A4711F /* Queen.swift in Sources */,
				997A5FDC28A611B100A4711F /* Board.swift in Sources */,
				997A5FDA28A60EE100A4711F /* King.swift in Sources */,
				997A5FD228A60E8E00A4711F /* Bishop.swift in Sources */,
				997A5FB928A60AA500A4711F /* AppDelegate.swift in Sources */,
				997A5FD028A60C2A00A4711F /* Pawn.swift in Sources */,
				9952B84928C6146200CFC3A4 /* Move.swift in Sources */,
				997A5FBB28A60AA500A4711F /* SceneDelegate.swift in Sources */,
				997A5FD428A60EA900A4711F /* Knight.swift in Sources */,
				9952B85928CE0A0400CFC3A4 /* MovementManager.swift in Sources */,
				997A5FE028A6277D00A4711F /* SquareCollectionViewCell.swift in Sources */,
			);
			runOnlyForDeploymentPostprocessing = 0;
		};
/* End PBXSourcesBuildPhase section */

/* Begin PBXVariantGroup section */
		997A5FBE28A60AA500A4711F /* Main.storyboard */ = {
			isa = PBXVariantGroup;
			children = (
				997A5FBF28A60AA500A4711F /* Base */,
			);
			name = Main.storyboard;
			sourceTree = "<group>";
		};
		997A5FC328A60AA700A4711F /* LaunchScreen.storyboard */ = {
			isa = PBXVariantGroup;
			children = (
				997A5FC428A60AA700A4711F /* Base */,
			);
			name = LaunchScreen.storyboard;
			sourceTree = "<group>";
		};
/* End PBXVariantGroup section */

/* Begin XCBuildConfiguration section */
		997A5FC728A60AA700A4711F /* Debug */ = {
			isa = XCBuildConfiguration;
			buildSettings = {
				ALWAYS_SEARCH_USER_PATHS = NO;
				CLANG_ANALYZER_NONNULL = YES;
				CLANG_ANALYZER_NUMBER_OBJECT_CONVERSION = YES_AGGRESSIVE;
				CLANG_CXX_LANGUAGE_STANDARD = "gnu++17";
				CLANG_ENABLE_MODULES = YES;
				CLANG_ENABLE_OBJC_ARC = YES;
				CLANG_ENABLE_OBJC_WEAK = YES;
				CLANG_WARN_BLOCK_CAPTURE_AUTORELEASING = YES;
				CLANG_WARN_BOOL_CONVERSION = YES;
				CLANG_WARN_COMMA = YES;
				CLANG_WARN_CONSTANT_CONVERSION = YES;
				CLANG_WARN_DEPRECATED_OBJC_IMPLEMENTATIONS = YES;
				CLANG_WARN_DIRECT_OBJC_ISA_USAGE = YES_ERROR;
				CLANG_WARN_DOCUMENTATION_COMMENTS = YES;
				CLANG_WARN_EMPTY_BODY = YES;
				CLANG_WARN_ENUM_CONVERSION = YES;
				CLANG_WARN_INFINITE_RECURSION = YES;
				CLANG_WARN_INT_CONVERSION = YES;
				CLANG_WARN_NON_LITERAL_NULL_CONVERSION = YES;
				CLANG_WARN_OBJC_IMPLICIT_RETAIN_SELF = YES;
				CLANG_WARN_OBJC_LITERAL_CONVERSION = YES;
				CLANG_WARN_OBJC_ROOT_CLASS = YES_ERROR;
				CLANG_WARN_QUOTED_INCLUDE_IN_FRAMEWORK_HEADER = YES;
				CLANG_WARN_RANGE_LOOP_ANALYSIS = YES;
				CLANG_WARN_STRICT_PROTOTYPES = YES;
				CLANG_WARN_SUSPICIOUS_MOVE = YES;
				CLANG_WARN_UNGUARDED_AVAILABILITY = YES_AGGRESSIVE;
				CLANG_WARN_UNREACHABLE_CODE = YES;
				CLANG_WARN__DUPLICATE_METHOD_MATCH = YES;
				COPY_PHASE_STRIP = NO;
				DEBUG_INFORMATION_FORMAT = dwarf;
				ENABLE_STRICT_OBJC_MSGSEND = YES;
				ENABLE_TESTABILITY = YES;
				GCC_C_LANGUAGE_STANDARD = gnu11;
				GCC_DYNAMIC_NO_PIC = NO;
				GCC_NO_COMMON_BLOCKS = YES;
				GCC_OPTIMIZATION_LEVEL = 0;
				GCC_PREPROCESSOR_DEFINITIONS = (
					"DEBUG=1",
					"$(inherited)",
				);
				GCC_WARN_64_TO_32_BIT_CONVERSION = YES;
				GCC_WARN_ABOUT_RETURN_TYPE = YES_ERROR;
				GCC_WARN_UNDECLARED_SELECTOR = YES;
				GCC_WARN_UNINITIALIZED_AUTOS = YES_AGGRESSIVE;
				GCC_WARN_UNUSED_FUNCTION = YES;
				GCC_WARN_UNUSED_VARIABLE = YES;
				IPHONEOS_DEPLOYMENT_TARGET = 15.5;
				MTL_ENABLE_DEBUG_INFO = INCLUDE_SOURCE;
				MTL_FAST_MATH = YES;
				ONLY_ACTIVE_ARCH = YES;
				SDKROOT = iphoneos;
				SWIFT_ACTIVE_COMPILATION_CONDITIONS = DEBUG;
				SWIFT_OPTIMIZATION_LEVEL = "-Onone";
			};
			name = Debug;
		};
		997A5FC828A60AA700A4711F /* Release */ = {
			isa = XCBuildConfiguration;
			buildSettings = {
				ALWAYS_SEARCH_USER_PATHS = NO;
				CLANG_ANALYZER_NONNULL = YES;
				CLANG_ANALYZER_NUMBER_OBJECT_CONVERSION = YES_AGGRESSIVE;
				CLANG_CXX_LANGUAGE_STANDARD = "gnu++17";
				CLANG_ENABLE_MODULES = YES;
				CLANG_ENABLE_OBJC_ARC = YES;
				CLANG_ENABLE_OBJC_WEAK = YES;
				CLANG_WARN_BLOCK_CAPTURE_AUTORELEASING = YES;
				CLANG_WARN_BOOL_CONVERSION = YES;
				CLANG_WARN_COMMA = YES;
				CLANG_WARN_CONSTANT_CONVERSION = YES;
				CLANG_WARN_DEPRECATED_OBJC_IMPLEMENTATIONS = YES;
				CLANG_WARN_DIRECT_OBJC_ISA_USAGE = YES_ERROR;
				CLANG_WARN_DOCUMENTATION_COMMENTS = YES;
				CLANG_WARN_EMPTY_BODY = YES;
				CLANG_WARN_ENUM_CONVERSION = YES;
				CLANG_WARN_INFINITE_RECURSION = YES;
				CLANG_WARN_INT_CONVERSION = YES;
				CLANG_WARN_NON_LITERAL_NULL_CONVERSION = YES;
				CLANG_WARN_OBJC_IMPLICIT_RETAIN_SELF = YES;
				CLANG_WARN_OBJC_LITERAL_CONVERSION = YES;
				CLANG_WARN_OBJC_ROOT_CLASS = YES_ERROR;
				CLANG_WARN_QUOTED_INCLUDE_IN_FRAMEWORK_HEADER = YES;
				CLANG_WARN_RANGE_LOOP_ANALYSIS = YES;
				CLANG_WARN_STRICT_PROTOTYPES = YES;
				CLANG_WARN_SUSPICIOUS_MOVE = YES;
				CLANG_WARN_UNGUARDED_AVAILABILITY = YES_AGGRESSIVE;
				CLANG_WARN_UNREACHABLE_CODE = YES;
				CLANG_WARN__DUPLICATE_METHOD_MATCH = YES;
				COPY_PHASE_STRIP = NO;
				DEBUG_INFORMATION_FORMAT = "dwarf-with-dsym";
				ENABLE_NS_ASSERTIONS = NO;
				ENABLE_STRICT_OBJC_MSGSEND = YES;
				GCC_C_LANGUAGE_STANDARD = gnu11;
				GCC_NO_COMMON_BLOCKS = YES;
				GCC_WARN_64_TO_32_BIT_CONVERSION = YES;
				GCC_WARN_ABOUT_RETURN_TYPE = YES_ERROR;
				GCC_WARN_UNDECLARED_SELECTOR = YES;
				GCC_WARN_UNINITIALIZED_AUTOS = YES_AGGRESSIVE;
				GCC_WARN_UNUSED_FUNCTION = YES;
				GCC_WARN_UNUSED_VARIABLE = YES;
				IPHONEOS_DEPLOYMENT_TARGET = 15.5;
				MTL_ENABLE_DEBUG_INFO = NO;
				MTL_FAST_MATH = YES;
				SDKROOT = iphoneos;
				SWIFT_COMPILATION_MODE = wholemodule;
				SWIFT_OPTIMIZATION_LEVEL = "-O";
				VALIDATE_PRODUCT = YES;
			};
			name = Release;
		};
		997A5FCA28A60AA700A4711F /* Debug */ = {
			isa = XCBuildConfiguration;
			buildSettings = {
				ASSETCATALOG_COMPILER_APPICON_NAME = AppIcon;
				ASSETCATALOG_COMPILER_GLOBAL_ACCENT_COLOR_NAME = AccentColor;
				CLANG_ENABLE_MODULES = YES;
				CODE_SIGN_STYLE = Automatic;
				CURRENT_PROJECT_VERSION = 1;
				DEVELOPMENT_TEAM = KR7D477LDQ;
				GENERATE_INFOPLIST_FILE = YES;
				INFOPLIST_FILE = Chess/Info.plist;
				INFOPLIST_KEY_UIApplicationSupportsIndirectInputEvents = YES;
				INFOPLIST_KEY_UILaunchStoryboardName = LaunchScreen;
				INFOPLIST_KEY_UIMainStoryboardFile = Main;
				INFOPLIST_KEY_UISupportedInterfaceOrientations_iPad = "UIInterfaceOrientationPortrait UIInterfaceOrientationPortraitUpsideDown UIInterfaceOrientationLandscapeLeft UIInterfaceOrientationLandscapeRight";
				INFOPLIST_KEY_UISupportedInterfaceOrientations_iPhone = "UIInterfaceOrientationPortrait UIInterfaceOrientationLandscapeLeft UIInterfaceOrientationLandscapeRight";
				LD_RUNPATH_SEARCH_PATHS = (
					"$(inherited)",
					"@executable_path/Frameworks",
				);
				MARKETING_VERSION = 1.0;
				PRODUCT_BUNDLE_IDENTIFIER = Lucifer.Chess;
				PRODUCT_NAME = "$(TARGET_NAME)";
				SWIFT_EMIT_LOC_STRINGS = YES;
				SWIFT_OPTIMIZATION_LEVEL = "-Onone";
				SWIFT_VERSION = 5.0;
				TARGETED_DEVICE_FAMILY = "1,2";
			};
			name = Debug;
		};
		997A5FCB28A60AA700A4711F /* Release */ = {
			isa = XCBuildConfiguration;
			buildSettings = {
				ASSETCATALOG_COMPILER_APPICON_NAME = AppIcon;
				ASSETCATALOG_COMPILER_GLOBAL_ACCENT_COLOR_NAME = AccentColor;
				CLANG_ENABLE_MODULES = YES;
				CODE_SIGN_STYLE = Automatic;
				CURRENT_PROJECT_VERSION = 1;
				DEVELOPMENT_TEAM = KR7D477LDQ;
				GENERATE_INFOPLIST_FILE = YES;
				INFOPLIST_FILE = Chess/Info.plist;
				INFOPLIST_KEY_UIApplicationSupportsIndirectInputEvents = YES;
				INFOPLIST_KEY_UILaunchStoryboardName = LaunchScreen;
				INFOPLIST_KEY_UIMainStoryboardFile = Main;
				INFOPLIST_KEY_UISupportedInterfaceOrientations_iPad = "UIInterfaceOrientationPortrait UIInterfaceOrientationPortraitUpsideDown UIInterfaceOrientationLandscapeLeft UIInterfaceOrientationLandscapeRight";
				INFOPLIST_KEY_UISupportedInterfaceOrientations_iPhone = "UIInterfaceOrientationPortrait UIInterfaceOrientationLandscapeLeft UIInterfaceOrientationLandscapeRight";
				LD_RUNPATH_SEARCH_PATHS = (
					"$(inherited)",
					"@executable_path/Frameworks",
				);
				MARKETING_VERSION = 1.0;
				PRODUCT_BUNDLE_IDENTIFIER = Lucifer.Chess;
				PRODUCT_NAME = "$(TARGET_NAME)";
				SWIFT_EMIT_LOC_STRINGS = YES;
				SWIFT_VERSION = 5.0;
				TARGETED_DEVICE_FAMILY = "1,2";
			};
			name = Release;
		};
/* End XCBuildConfiguration section */

/* Begin XCConfigurationList section */
		997A5FB028A60AA500A4711F /* Build configuration list for PBXProject "Chess" */ = {
			isa = XCConfigurationList;
			buildConfigurations = (
				997A5FC728A60AA700A4711F /* Debug */,
				997A5FC828A60AA700A4711F /* Release */,
			);
			defaultConfigurationIsVisible = 0;
			defaultConfigurationName = Release;
		};
		997A5FC928A60AA700A4711F /* Build configuration list for PBXNativeTarget "Chess" */ = {
			isa = XCConfigurationList;
			buildConfigurations = (
				997A5FCA28A60AA700A4711F /* Debug */,
				997A5FCB28A60AA700A4711F /* Release */,
			);
			defaultConfigurationIsVisible = 0;
			defaultConfigurationName = Release;
		};
/* End XCConfigurationList section */
	};
	rootObject = 997A5FAD28A60AA500A4711F /* Project object */;
}
